// !$*UTF8*$!
{
	archiveVersion = 1;
	classes = {
	};
	objectVersion = 56;
	objects = {

/* Begin PBXBuildFile section */
		0217E9C82BB66E7F001C0F28 /* DefaultCryptoProvider.swift in Sources */ = {isa = PBXBuildFile; fileRef = 0217E9C72BB66E7F001C0F28 /* DefaultCryptoProvider.swift */; };
		026A31A229AD410B00B198B4 /* CarteraExampleTests.swift in Sources */ = {isa = PBXBuildFile; fileRef = 026A31A129AD410B00B198B4 /* CarteraExampleTests.swift */; };
		026F66CA29AD2517004019BA /* Cartera in Frameworks */ = {isa = PBXBuildFile; productRef = 026F66C929AD2517004019BA /* Cartera */; };
		027A7C4B29A6C93A009116E4 /* AppDelegate.swift in Sources */ = {isa = PBXBuildFile; fileRef = 027A7C4A29A6C93A009116E4 /* AppDelegate.swift */; };
		027A7C4D29A6C93A009116E4 /* SceneDelegate.swift in Sources */ = {isa = PBXBuildFile; fileRef = 027A7C4C29A6C93A009116E4 /* SceneDelegate.swift */; };
		027A7C4F29A6C93A009116E4 /* ViewController.swift in Sources */ = {isa = PBXBuildFile; fileRef = 027A7C4E29A6C93A009116E4 /* ViewController.swift */; };
		027A7C5229A6C93A009116E4 /* Main.storyboard in Resources */ = {isa = PBXBuildFile; fileRef = 027A7C5029A6C93A009116E4 /* Main.storyboard */; };
		027A7C5429A6C93B009116E4 /* Assets.xcassets in Resources */ = {isa = PBXBuildFile; fileRef = 027A7C5329A6C93B009116E4 /* Assets.xcassets */; };
		027A7C5729A6C93B009116E4 /* LaunchScreen.storyboard in Resources */ = {isa = PBXBuildFile; fileRef = 027A7C5529A6C93B009116E4 /* LaunchScreen.storyboard */; };
		027A7ED829A8679B009116E4 /* SDWebImage in Frameworks */ = {isa = PBXBuildFile; productRef = 027A7ED729A8679B009116E4 /* SDWebImage */; };
		027CAEFE2A5769440072956B /* QrCodeViewController.swift in Sources */ = {isa = PBXBuildFile; fileRef = 027CAEFD2A5769440072956B /* QrCodeViewController.swift */; };
		4322C8506F00D80B23B8F784 /* Pods_CarteraExample.framework in Frameworks */ = {isa = PBXBuildFile; fileRef = A8D2FB88E57FA27D7AC6A968 /* Pods_CarteraExample.framework */; };
		72802620BE05714BC8799AB1 /* Pods_CarteraExampleTests.framework in Frameworks */ = {isa = PBXBuildFile; fileRef = 16331AA2F9A19EC17AA730FA /* Pods_CarteraExampleTests.framework */; };
/* End PBXBuildFile section */

/* Begin PBXContainerItemProxy section */
		026A31A329AD410B00B198B4 /* PBXContainerItemProxy */ = {
			isa = PBXContainerItemProxy;
			containerPortal = 027A7C3F29A6C93A009116E4 /* Project object */;
			proxyType = 1;
			remoteGlobalIDString = 027A7C4629A6C93A009116E4;
			remoteInfo = CarteraExample;
		};
/* End PBXContainerItemProxy section */

/* Begin PBXCopyFilesBuildPhase section */
		027A7EDA29A93061009116E4 /* CopyFiles */ = {
			isa = PBXCopyFilesBuildPhase;
			buildActionMask = 2147483647;
			dstPath = "";
			dstSubfolderSpec = 10;
			files = (
			);
			runOnlyForDeploymentPostprocessing = 0;
		};
/* End PBXCopyFilesBuildPhase section */

/* Begin PBXFileReference section */
		0217E9C72BB66E7F001C0F28 /* DefaultCryptoProvider.swift */ = {isa = PBXFileReference; lastKnownFileType = sourcecode.swift; path = DefaultCryptoProvider.swift; sourceTree = "<group>"; };
		0217EA1D2BB671D7001C0F28 /* WalletConfig.swift */ = {isa = PBXFileReference; lastKnownFileType = sourcecode.swift; path = WalletConfig.swift; sourceTree = "<group>"; };
		0217EA1E2BB671D7001C0F28 /* WalletModels.swift */ = {isa = PBXFileReference; lastKnownFileType = sourcecode.swift; path = WalletModels.swift; sourceTree = "<group>"; };
		0217EA202BB671D7001C0F28 /* wallets_config.json */ = {isa = PBXFileReference; lastKnownFileType = text.json; path = wallets_config.json; sourceTree = "<group>"; };
		0217EA222BB671D7001C0F28 /* EIP712DomainTypedDataProvider.swift */ = {isa = PBXFileReference; lastKnownFileType = sourcecode.swift; path = EIP712DomainTypedDataProvider.swift; sourceTree = "<group>"; };
		0217EA232BB671D7001C0F28 /* EIP712TypedData.swift */ = {isa = PBXFileReference; lastKnownFileType = sourcecode.swift; path = EIP712TypedData.swift; sourceTree = "<group>"; };
		0217EA242BB671D7001C0F28 /* WalletTypedData.swift */ = {isa = PBXFileReference; lastKnownFileType = sourcecode.swift; path = WalletTypedData.swift; sourceTree = "<group>"; };
		0217EA252BB671D7001C0F28 /* WalletTypedDataProtocols.swift */ = {isa = PBXFileReference; lastKnownFileType = sourcecode.swift; path = WalletTypedDataProtocols.swift; sourceTree = "<group>"; };
		0217EA272BB671D7001C0F28 /* Bundle+UIBundle.swift */ = {isa = PBXFileReference; lastKnownFileType = sourcecode.swift; path = "Bundle+UIBundle.swift"; sourceTree = "<group>"; };
		0217EA282BB671D7001C0F28 /* CarteraAppState.swift */ = {isa = PBXFileReference; lastKnownFileType = sourcecode.swift; path = CarteraAppState.swift; sourceTree = "<group>"; };
		0217EA292BB671D7001C0F28 /* Console.swift */ = {isa = PBXFileReference; lastKnownFileType = sourcecode.swift; path = Console.swift; sourceTree = "<group>"; };
		0217EA2A2BB671D7001C0F28 /* CryptoUtils.swift */ = {isa = PBXFileReference; lastKnownFileType = sourcecode.swift; path = CryptoUtils.swift; sourceTree = "<group>"; };
		0217EA2B2BB671D7001C0F28 /* DefaultCryptoProvider.swift */ = {isa = PBXFileReference; lastKnownFileType = sourcecode.swift; path = DefaultCryptoProvider.swift; sourceTree = "<group>"; };
		0217EA2C2BB671D7001C0F28 /* DefaultSocketFactory.swift */ = {isa = PBXFileReference; lastKnownFileType = sourcecode.swift; path = DefaultSocketFactory.swift; sourceTree = "<group>"; };
		0217EA2D2BB671D7001C0F28 /* DispatchQueue+Utils.swift */ = {isa = PBXFileReference; lastKnownFileType = sourcecode.swift; path = "DispatchQueue+Utils.swift"; sourceTree = "<group>"; };
		0217EA2E2BB671D7001C0F28 /* HapticFeedbackProtocol.swift */ = {isa = PBXFileReference; lastKnownFileType = sourcecode.swift; path = HapticFeedbackProtocol.swift; sourceTree = "<group>"; };
		0217EA2F2BB671D7001C0F28 /* Installation.swift */ = {isa = PBXFileReference; lastKnownFileType = sourcecode.swift; path = Installation.swift; sourceTree = "<group>"; };
		0217EA302BB671D7001C0F28 /* LocalAuthenticator.swift */ = {isa = PBXFileReference; lastKnownFileType = sourcecode.swift; path = LocalAuthenticator.swift; sourceTree = "<group>"; };
		0217EA312BB671D7001C0F28 /* MotionHapticFeedback.swift */ = {isa = PBXFileReference; lastKnownFileType = sourcecode.swift; path = MotionHapticFeedback.swift; sourceTree = "<group>"; };
		0217EA322BB671D7001C0F28 /* NotificationToken.swift */ = {isa = PBXFileReference; lastKnownFileType = sourcecode.swift; path = NotificationToken.swift; sourceTree = "<group>"; };
		0217EA332BB671D7001C0F28 /* SingletonProtocol.swift */ = {isa = PBXFileReference; lastKnownFileType = sourcecode.swift; path = SingletonProtocol.swift; sourceTree = "<group>"; };
		0217EA342BB671D7001C0F28 /* String+Utils.swift */ = {isa = PBXFileReference; lastKnownFileType = sourcecode.swift; path = "String+Utils.swift"; sourceTree = "<group>"; };
		0217EA352BB671D7001C0F28 /* UrlHandler.swift */ = {isa = PBXFileReference; lastKnownFileType = sourcecode.swift; path = UrlHandler.swift; sourceTree = "<group>"; };
		0217EA372BB671D7001C0F28 /* MagicLinkProvider.swift */ = {isa = PBXFileReference; lastKnownFileType = sourcecode.swift; path = MagicLinkProvider.swift; sourceTree = "<group>"; };
		0217EA382BB671D7001C0F28 /* WalletConnectUtils.swift */ = {isa = PBXFileReference; lastKnownFileType = sourcecode.swift; path = WalletConnectUtils.swift; sourceTree = "<group>"; };
		0217EA392BB671D7001C0F28 /* WalletConnectV1Provider.swift */ = {isa = PBXFileReference; lastKnownFileType = sourcecode.swift; path = WalletConnectV1Provider.swift; sourceTree = "<group>"; };
		0217EA3A2BB671D7001C0F28 /* WalletConnectV2Provider.swift */ = {isa = PBXFileReference; lastKnownFileType = sourcecode.swift; path = WalletConnectV2Provider.swift; sourceTree = "<group>"; };
		0217EA3B2BB671D7001C0F28 /* WalletSegueProvider.swift */ = {isa = PBXFileReference; lastKnownFileType = sourcecode.swift; path = WalletSegueProvider.swift; sourceTree = "<group>"; };
		0217EA3D2BB671D7001C0F28 /* SimpleWalletUserConsent.swift */ = {isa = PBXFileReference; lastKnownFileType = sourcecode.swift; path = SimpleWalletUserConsent.swift; sourceTree = "<group>"; };
		0217EA3E2BB671D7001C0F28 /* SkippedWalletUserConsent.swift */ = {isa = PBXFileReference; lastKnownFileType = sourcecode.swift; path = SkippedWalletUserConsent.swift; sourceTree = "<group>"; };
		0217EA402BB671D7001C0F28 /* WalletConsent.swift */ = {isa = PBXFileReference; lastKnownFileType = sourcecode.swift; path = WalletConsent.swift; sourceTree = "<group>"; };
		0217EA412BB671D7001C0F28 /* WalletError.swift */ = {isa = PBXFileReference; lastKnownFileType = sourcecode.swift; path = WalletError.swift; sourceTree = "<group>"; };
		0217EA422BB671D7001C0F28 /* WalletProviderProtocols.swift */ = {isa = PBXFileReference; lastKnownFileType = sourcecode.swift; path = WalletProviderProtocols.swift; sourceTree = "<group>"; };
		0217EA432BB671D7001C0F28 /* WalletStatus.swift */ = {isa = PBXFileReference; lastKnownFileType = sourcecode.swift; path = WalletStatus.swift; sourceTree = "<group>"; };
		0217EA452BB671D7001C0F28 /* CarteraConfig.swift */ = {isa = PBXFileReference; lastKnownFileType = sourcecode.swift; path = CarteraConfig.swift; sourceTree = "<group>"; };
		0217EA462BB671D7001C0F28 /* CarteraErrorCode.swift */ = {isa = PBXFileReference; lastKnownFileType = sourcecode.swift; path = CarteraErrorCode.swift; sourceTree = "<group>"; };
		0217EA472BB671D7001C0F28 /* CarteraProvider.swift */ = {isa = PBXFileReference; lastKnownFileType = sourcecode.swift; path = CarteraProvider.swift; sourceTree = "<group>"; };
		0217EA482BB671D7001C0F28 /* CarteraResources.swift */ = {isa = PBXFileReference; lastKnownFileType = sourcecode.swift; path = CarteraResources.swift; sourceTree = "<group>"; };
		026A319F29AD410B00B198B4 /* CarteraExampleTests.xctest */ = {isa = PBXFileReference; explicitFileType = wrapper.cfbundle; includeInIndex = 0; path = CarteraExampleTests.xctest; sourceTree = BUILT_PRODUCTS_DIR; };
		026A31A129AD410B00B198B4 /* CarteraExampleTests.swift */ = {isa = PBXFileReference; lastKnownFileType = sourcecode.swift; path = CarteraExampleTests.swift; sourceTree = "<group>"; };
		026A33AE29AD487B00B198B4 /* cartera-ios */ = {isa = PBXFileReference; lastKnownFileType = wrapper; name = "cartera-ios"; path = ..; sourceTree = "<group>"; };
		027A7C4729A6C93A009116E4 /* CarteraExample.app */ = {isa = PBXFileReference; explicitFileType = wrapper.application; includeInIndex = 0; path = CarteraExample.app; sourceTree = BUILT_PRODUCTS_DIR; };
		027A7C4A29A6C93A009116E4 /* AppDelegate.swift */ = {isa = PBXFileReference; lastKnownFileType = sourcecode.swift; path = AppDelegate.swift; sourceTree = "<group>"; };
		027A7C4C29A6C93A009116E4 /* SceneDelegate.swift */ = {isa = PBXFileReference; lastKnownFileType = sourcecode.swift; path = SceneDelegate.swift; sourceTree = "<group>"; };
		027A7C4E29A6C93A009116E4 /* ViewController.swift */ = {isa = PBXFileReference; lastKnownFileType = sourcecode.swift; path = ViewController.swift; sourceTree = "<group>"; };
		027A7C5129A6C93A009116E4 /* Base */ = {isa = PBXFileReference; lastKnownFileType = file.storyboard; name = Base; path = Base.lproj/Main.storyboard; sourceTree = "<group>"; };
		027A7C5329A6C93B009116E4 /* Assets.xcassets */ = {isa = PBXFileReference; lastKnownFileType = folder.assetcatalog; path = Assets.xcassets; sourceTree = "<group>"; };
		027A7C5629A6C93B009116E4 /* Base */ = {isa = PBXFileReference; lastKnownFileType = file.storyboard; name = Base; path = Base.lproj/LaunchScreen.storyboard; sourceTree = "<group>"; };
		027A7C5829A6C93B009116E4 /* Info.plist */ = {isa = PBXFileReference; lastKnownFileType = text.plist.xml; path = Info.plist; sourceTree = "<group>"; };
		027CAEFD2A5769440072956B /* QrCodeViewController.swift */ = {isa = PBXFileReference; lastKnownFileType = sourcecode.swift; path = QrCodeViewController.swift; sourceTree = "<group>"; };
		02CAD9E429C2401800D6076C /* CarteraExample.entitlements */ = {isa = PBXFileReference; lastKnownFileType = text.plist.entitlements; path = CarteraExample.entitlements; sourceTree = "<group>"; };
		16331AA2F9A19EC17AA730FA /* Pods_CarteraExampleTests.framework */ = {isa = PBXFileReference; explicitFileType = wrapper.framework; includeInIndex = 0; path = Pods_CarteraExampleTests.framework; sourceTree = BUILT_PRODUCTS_DIR; };
		68D799CB3C6FB86F4D1A1918 /* Pods-CarteraExample.release.xcconfig */ = {isa = PBXFileReference; includeInIndex = 1; lastKnownFileType = text.xcconfig; name = "Pods-CarteraExample.release.xcconfig"; path = "Target Support Files/Pods-CarteraExample/Pods-CarteraExample.release.xcconfig"; sourceTree = "<group>"; };
		6CA1BEAEBC80ADDD1062371E /* Pods-CarteraExampleTests.debug.xcconfig */ = {isa = PBXFileReference; includeInIndex = 1; lastKnownFileType = text.xcconfig; name = "Pods-CarteraExampleTests.debug.xcconfig"; path = "Target Support Files/Pods-CarteraExampleTests/Pods-CarteraExampleTests.debug.xcconfig"; sourceTree = "<group>"; };
		8CA2194C6D5EEE79ECCF7400 /* Pods-CarteraExample.debug.xcconfig */ = {isa = PBXFileReference; includeInIndex = 1; lastKnownFileType = text.xcconfig; name = "Pods-CarteraExample.debug.xcconfig"; path = "Target Support Files/Pods-CarteraExample/Pods-CarteraExample.debug.xcconfig"; sourceTree = "<group>"; };
		9F17FDFD7EE561B8D11FF9DD /* Pods-CarteraExampleTests.release.xcconfig */ = {isa = PBXFileReference; includeInIndex = 1; lastKnownFileType = text.xcconfig; name = "Pods-CarteraExampleTests.release.xcconfig"; path = "Target Support Files/Pods-CarteraExampleTests/Pods-CarteraExampleTests.release.xcconfig"; sourceTree = "<group>"; };
		A8D2FB88E57FA27D7AC6A968 /* Pods_CarteraExample.framework */ = {isa = PBXFileReference; explicitFileType = wrapper.framework; includeInIndex = 0; path = Pods_CarteraExample.framework; sourceTree = BUILT_PRODUCTS_DIR; };
/* End PBXFileReference section */

/* Begin PBXFrameworksBuildPhase section */
		026A319C29AD410B00B198B4 /* Frameworks */ = {
			isa = PBXFrameworksBuildPhase;
			buildActionMask = 2147483647;
			files = (
				72802620BE05714BC8799AB1 /* Pods_CarteraExampleTests.framework in Frameworks */,
			);
			runOnlyForDeploymentPostprocessing = 0;
		};
		027A7C4429A6C93A009116E4 /* Frameworks */ = {
			isa = PBXFrameworksBuildPhase;
			buildActionMask = 2147483647;
			files = (
				027A7ED829A8679B009116E4 /* SDWebImage in Frameworks */,
				026F66CA29AD2517004019BA /* Cartera in Frameworks */,
				4322C8506F00D80B23B8F784 /* Pods_CarteraExample.framework in Frameworks */,
			);
			runOnlyForDeploymentPostprocessing = 0;
		};
/* End PBXFrameworksBuildPhase section */

/* Begin PBXGroup section */
		0217EA1F2BB671D7001C0F28 /* Entities */ = {
			isa = PBXGroup;
			children = (
				0217EA1D2BB671D7001C0F28 /* WalletConfig.swift */,
				0217EA1E2BB671D7001C0F28 /* WalletModels.swift */,
			);
			path = Entities;
			sourceTree = "<group>";
		};
		0217EA212BB671D7001C0F28 /* Resources */ = {
			isa = PBXGroup;
			children = (
				0217EA202BB671D7001C0F28 /* wallets_config.json */,
			);
			path = Resources;
			sourceTree = "<group>";
		};
		0217EA262BB671D7001C0F28 /* TypedData */ = {
			isa = PBXGroup;
			children = (
				0217EA222BB671D7001C0F28 /* EIP712DomainTypedDataProvider.swift */,
				0217EA232BB671D7001C0F28 /* EIP712TypedData.swift */,
				0217EA242BB671D7001C0F28 /* WalletTypedData.swift */,
				0217EA252BB671D7001C0F28 /* WalletTypedDataProtocols.swift */,
			);
			path = TypedData;
			sourceTree = "<group>";
		};
		0217EA362BB671D7001C0F28 /* Utilities */ = {
			isa = PBXGroup;
			children = (
				0217EA272BB671D7001C0F28 /* Bundle+UIBundle.swift */,
				0217EA282BB671D7001C0F28 /* CarteraAppState.swift */,
				0217EA292BB671D7001C0F28 /* Console.swift */,
				0217EA2A2BB671D7001C0F28 /* CryptoUtils.swift */,
				0217EA2B2BB671D7001C0F28 /* DefaultCryptoProvider.swift */,
				0217EA2C2BB671D7001C0F28 /* DefaultSocketFactory.swift */,
				0217EA2D2BB671D7001C0F28 /* DispatchQueue+Utils.swift */,
				0217EA2E2BB671D7001C0F28 /* HapticFeedbackProtocol.swift */,
				0217EA2F2BB671D7001C0F28 /* Installation.swift */,
				0217EA302BB671D7001C0F28 /* LocalAuthenticator.swift */,
				0217EA312BB671D7001C0F28 /* MotionHapticFeedback.swift */,
				0217EA322BB671D7001C0F28 /* NotificationToken.swift */,
				0217EA332BB671D7001C0F28 /* SingletonProtocol.swift */,
				0217EA342BB671D7001C0F28 /* String+Utils.swift */,
				0217EA352BB671D7001C0F28 /* UrlHandler.swift */,
			);
			path = Utilities;
			sourceTree = "<group>";
		};
		0217EA3C2BB671D7001C0F28 /* Providers */ = {
			isa = PBXGroup;
			children = (
				0217EA372BB671D7001C0F28 /* MagicLinkProvider.swift */,
				0217EA382BB671D7001C0F28 /* WalletConnectUtils.swift */,
				0217EA392BB671D7001C0F28 /* WalletConnectV1Provider.swift */,
				0217EA3A2BB671D7001C0F28 /* WalletConnectV2Provider.swift */,
				0217EA3B2BB671D7001C0F28 /* WalletSegueProvider.swift */,
			);
			path = Providers;
			sourceTree = "<group>";
		};
		0217EA3F2BB671D7001C0F28 /* UserConsent */ = {
			isa = PBXGroup;
			children = (
				0217EA3D2BB671D7001C0F28 /* SimpleWalletUserConsent.swift */,
				0217EA3E2BB671D7001C0F28 /* SkippedWalletUserConsent.swift */,
			);
			path = UserConsent;
			sourceTree = "<group>";
		};
		0217EA442BB671D7001C0F28 /* WalletProvider */ = {
			isa = PBXGroup;
			children = (
				0217EA3C2BB671D7001C0F28 /* Providers */,
				0217EA3F2BB671D7001C0F28 /* UserConsent */,
				0217EA402BB671D7001C0F28 /* WalletConsent.swift */,
				0217EA412BB671D7001C0F28 /* WalletError.swift */,
				0217EA422BB671D7001C0F28 /* WalletProviderProtocols.swift */,
				0217EA432BB671D7001C0F28 /* WalletStatus.swift */,
			);
			path = WalletProvider;
			sourceTree = "<group>";
		};
		0217EA492BB671D7001C0F28 /* Cartera */ = {
			isa = PBXGroup;
			children = (
				0217EA1F2BB671D7001C0F28 /* Entities */,
				0217EA212BB671D7001C0F28 /* Resources */,
				0217EA262BB671D7001C0F28 /* TypedData */,
				0217EA362BB671D7001C0F28 /* Utilities */,
				0217EA442BB671D7001C0F28 /* WalletProvider */,
				0217EA452BB671D7001C0F28 /* CarteraConfig.swift */,
				0217EA462BB671D7001C0F28 /* CarteraErrorCode.swift */,
				0217EA472BB671D7001C0F28 /* CarteraProvider.swift */,
				0217EA482BB671D7001C0F28 /* CarteraResources.swift */,
			);
			path = Cartera;
			sourceTree = SOURCE_ROOT;
		};
		0218DD8829AACFF9000AB263 /* Packages */ = {
			isa = PBXGroup;
			children = (
				026A33AE29AD487B00B198B4 /* cartera-ios */,
			);
			name = Packages;
			sourceTree = "<group>";
		};
		026A31A029AD410B00B198B4 /* CarteraExampleTests */ = {
			isa = PBXGroup;
			children = (
				026A31A129AD410B00B198B4 /* CarteraExampleTests.swift */,
			);
			path = CarteraExampleTests;
			sourceTree = "<group>";
		};
		027A7C3E29A6C93A009116E4 = {
			isa = PBXGroup;
			children = (
				0218DD8829AACFF9000AB263 /* Packages */,
				027A7C4929A6C93A009116E4 /* CarteraExample */,
				026A31A029AD410B00B198B4 /* CarteraExampleTests */,
				027A7C4829A6C93A009116E4 /* Products */,
				027A7C7129A6D9EA009116E4 /* Frameworks */,
				98FBC1572A661CA9BF9FE0AE /* Pods */,
			);
			sourceTree = "<group>";
		};
		027A7C4829A6C93A009116E4 /* Products */ = {
			isa = PBXGroup;
			children = (
				027A7C4729A6C93A009116E4 /* CarteraExample.app */,
				026A319F29AD410B00B198B4 /* CarteraExampleTests.xctest */,
			);
			name = Products;
			sourceTree = "<group>";
		};
		027A7C4929A6C93A009116E4 /* CarteraExample */ = {
			isa = PBXGroup;
			children = (
				0217EA492BB671D7001C0F28 /* Cartera */,
				02CAD9E429C2401800D6076C /* CarteraExample.entitlements */,
				027A7C4A29A6C93A009116E4 /* AppDelegate.swift */,
				027A7C4C29A6C93A009116E4 /* SceneDelegate.swift */,
				027A7C4E29A6C93A009116E4 /* ViewController.swift */,
				027CAEFD2A5769440072956B /* QrCodeViewController.swift */,
				027A7C5029A6C93A009116E4 /* Main.storyboard */,
				027A7C5329A6C93B009116E4 /* Assets.xcassets */,
				027A7C5529A6C93B009116E4 /* LaunchScreen.storyboard */,
				027A7C5829A6C93B009116E4 /* Info.plist */,
				0217E9C72BB66E7F001C0F28 /* DefaultCryptoProvider.swift */,
			);
			path = CarteraExample;
			sourceTree = "<group>";
		};
		027A7C7129A6D9EA009116E4 /* Frameworks */ = {
			isa = PBXGroup;
			children = (
				A8D2FB88E57FA27D7AC6A968 /* Pods_CarteraExample.framework */,
				16331AA2F9A19EC17AA730FA /* Pods_CarteraExampleTests.framework */,
			);
			name = Frameworks;
			sourceTree = "<group>";
		};
		98FBC1572A661CA9BF9FE0AE /* Pods */ = {
			isa = PBXGroup;
			children = (
				8CA2194C6D5EEE79ECCF7400 /* Pods-CarteraExample.debug.xcconfig */,
				68D799CB3C6FB86F4D1A1918 /* Pods-CarteraExample.release.xcconfig */,
				6CA1BEAEBC80ADDD1062371E /* Pods-CarteraExampleTests.debug.xcconfig */,
				9F17FDFD7EE561B8D11FF9DD /* Pods-CarteraExampleTests.release.xcconfig */,
			);
			path = Pods;
			sourceTree = "<group>";
		};
/* End PBXGroup section */

/* Begin PBXNativeTarget section */
		026A319E29AD410B00B198B4 /* CarteraExampleTests */ = {
			isa = PBXNativeTarget;
			buildConfigurationList = 026A31A529AD410B00B198B4 /* Build configuration list for PBXNativeTarget "CarteraExampleTests" */;
			buildPhases = (
				3234FA113A77EC74CCF1488D /* [CP] Check Pods Manifest.lock */,
				026A319B29AD410B00B198B4 /* Sources */,
				026A319C29AD410B00B198B4 /* Frameworks */,
				026A319D29AD410B00B198B4 /* Resources */,
			);
			buildRules = (
			);
			dependencies = (
				026A31A429AD410B00B198B4 /* PBXTargetDependency */,
			);
			name = CarteraExampleTests;
			productName = CarteraExampleTests;
			productReference = 026A319F29AD410B00B198B4 /* CarteraExampleTests.xctest */;
			productType = "com.apple.product-type.bundle.unit-test";
		};
		027A7C4629A6C93A009116E4 /* CarteraExample */ = {
			isa = PBXNativeTarget;
			buildConfigurationList = 027A7C5B29A6C93B009116E4 /* Build configuration list for PBXNativeTarget "CarteraExample" */;
			buildPhases = (
				51C6248893BD2FB0C1B418DF /* [CP] Check Pods Manifest.lock */,
				027A7C4329A6C93A009116E4 /* Sources */,
				027A7C4429A6C93A009116E4 /* Frameworks */,
				027A7C4529A6C93A009116E4 /* Resources */,
				027A7EDA29A93061009116E4 /* CopyFiles */,
				376D8E8EFEFB6DBFBFDEA8C5 /* [CP] Embed Pods Frameworks */,
			);
			buildRules = (
			);
			dependencies = (
				026F66C829AD250D004019BA /* PBXTargetDependency */,
			);
			name = CarteraExample;
			packageProductDependencies = (
				027A7ED729A8679B009116E4 /* SDWebImage */,
				026F66C929AD2517004019BA /* Cartera */,
			);
			productName = CarteraExample;
			productReference = 027A7C4729A6C93A009116E4 /* CarteraExample.app */;
			productType = "com.apple.product-type.application";
		};
/* End PBXNativeTarget section */

/* Begin PBXProject section */
		027A7C3F29A6C93A009116E4 /* Project object */ = {
			isa = PBXProject;
			attributes = {
				BuildIndependentTargetsInParallel = 1;
				LastSwiftUpdateCheck = 1420;
				LastUpgradeCheck = 1420;
				TargetAttributes = {
					026A319E29AD410B00B198B4 = {
						CreatedOnToolsVersion = 14.2;
						TestTargetID = 027A7C4629A6C93A009116E4;
					};
					027A7C4629A6C93A009116E4 = {
						CreatedOnToolsVersion = 14.2;
					};
				};
			};
			buildConfigurationList = 027A7C4229A6C93A009116E4 /* Build configuration list for PBXProject "CarteraExample" */;
			compatibilityVersion = "Xcode 14.0";
			developmentRegion = en;
			hasScannedForEncodings = 0;
			knownRegions = (
				en,
				Base,
			);
			mainGroup = 027A7C3E29A6C93A009116E4;
			packageReferences = (
				027A7ED629A8679B009116E4 /* XCRemoteSwiftPackageReference "SDWebImage" */,
			);
			productRefGroup = 027A7C4829A6C93A009116E4 /* Products */;
			projectDirPath = "";
			projectRoot = "";
			targets = (
				027A7C4629A6C93A009116E4 /* CarteraExample */,
				026A319E29AD410B00B198B4 /* CarteraExampleTests */,
			);
		};
/* End PBXProject section */

/* Begin PBXResourcesBuildPhase section */
		026A319D29AD410B00B198B4 /* Resources */ = {
			isa = PBXResourcesBuildPhase;
			buildActionMask = 2147483647;
			files = (
			);
			runOnlyForDeploymentPostprocessing = 0;
		};
		027A7C4529A6C93A009116E4 /* Resources */ = {
			isa = PBXResourcesBuildPhase;
			buildActionMask = 2147483647;
			files = (
				027A7C5729A6C93B009116E4 /* LaunchScreen.storyboard in Resources */,
				027A7C5429A6C93B009116E4 /* Assets.xcassets in Resources */,
				027A7C5229A6C93A009116E4 /* Main.storyboard in Resources */,
			);
			runOnlyForDeploymentPostprocessing = 0;
		};
/* End PBXResourcesBuildPhase section */

/* Begin PBXShellScriptBuildPhase section */
		3234FA113A77EC74CCF1488D /* [CP] Check Pods Manifest.lock */ = {
			isa = PBXShellScriptBuildPhase;
			buildActionMask = 2147483647;
			files = (
			);
			inputFileListPaths = (
			);
			inputPaths = (
				"${PODS_PODFILE_DIR_PATH}/Podfile.lock",
				"${PODS_ROOT}/Manifest.lock",
			);
			name = "[CP] Check Pods Manifest.lock";
			outputFileListPaths = (
			);
			outputPaths = (
				"$(DERIVED_FILE_DIR)/Pods-CarteraExampleTests-checkManifestLockResult.txt",
			);
			runOnlyForDeploymentPostprocessing = 0;
			shellPath = /bin/sh;
			shellScript = "diff \"${PODS_PODFILE_DIR_PATH}/Podfile.lock\" \"${PODS_ROOT}/Manifest.lock\" > /dev/null\nif [ $? != 0 ] ; then\n    # print error to STDERR\n    echo \"error: The sandbox is not in sync with the Podfile.lock. Run 'pod install' or update your CocoaPods installation.\" >&2\n    exit 1\nfi\n# This output is used by Xcode 'outputs' to avoid re-running this script phase.\necho \"SUCCESS\" > \"${SCRIPT_OUTPUT_FILE_0}\"\n";
			showEnvVarsInLog = 0;
		};
		376D8E8EFEFB6DBFBFDEA8C5 /* [CP] Embed Pods Frameworks */ = {
			isa = PBXShellScriptBuildPhase;
			buildActionMask = 2147483647;
			files = (
			);
			inputFileListPaths = (
				"${PODS_ROOT}/Target Support Files/Pods-CarteraExample/Pods-CarteraExample-frameworks-${CONFIGURATION}-input-files.xcfilelist",
			);
			name = "[CP] Embed Pods Frameworks";
			outputFileListPaths = (
				"${PODS_ROOT}/Target Support Files/Pods-CarteraExample/Pods-CarteraExample-frameworks-${CONFIGURATION}-output-files.xcfilelist",
			);
			runOnlyForDeploymentPostprocessing = 0;
			shellPath = /bin/sh;
			shellScript = "\"${PODS_ROOT}/Target Support Files/Pods-CarteraExample/Pods-CarteraExample-frameworks.sh\"\n";
			showEnvVarsInLog = 0;
		};
		51C6248893BD2FB0C1B418DF /* [CP] Check Pods Manifest.lock */ = {
			isa = PBXShellScriptBuildPhase;
			buildActionMask = 2147483647;
			files = (
			);
			inputFileListPaths = (
			);
			inputPaths = (
				"${PODS_PODFILE_DIR_PATH}/Podfile.lock",
				"${PODS_ROOT}/Manifest.lock",
			);
			name = "[CP] Check Pods Manifest.lock";
			outputFileListPaths = (
			);
			outputPaths = (
				"$(DERIVED_FILE_DIR)/Pods-CarteraExample-checkManifestLockResult.txt",
			);
			runOnlyForDeploymentPostprocessing = 0;
			shellPath = /bin/sh;
			shellScript = "diff \"${PODS_PODFILE_DIR_PATH}/Podfile.lock\" \"${PODS_ROOT}/Manifest.lock\" > /dev/null\nif [ $? != 0 ] ; then\n    # print error to STDERR\n    echo \"error: The sandbox is not in sync with the Podfile.lock. Run 'pod install' or update your CocoaPods installation.\" >&2\n    exit 1\nfi\n# This output is used by Xcode 'outputs' to avoid re-running this script phase.\necho \"SUCCESS\" > \"${SCRIPT_OUTPUT_FILE_0}\"\n";
			showEnvVarsInLog = 0;
		};
/* End PBXShellScriptBuildPhase section */

/* Begin PBXSourcesBuildPhase section */
		026A319B29AD410B00B198B4 /* Sources */ = {
			isa = PBXSourcesBuildPhase;
			buildActionMask = 2147483647;
			files = (
				026A31A229AD410B00B198B4 /* CarteraExampleTests.swift in Sources */,
			);
			runOnlyForDeploymentPostprocessing = 0;
		};
		027A7C4329A6C93A009116E4 /* Sources */ = {
			isa = PBXSourcesBuildPhase;
			buildActionMask = 2147483647;
			files = (
				027A7C4F29A6C93A009116E4 /* ViewController.swift in Sources */,
				0217E9C82BB66E7F001C0F28 /* DefaultCryptoProvider.swift in Sources */,
				027A7C4B29A6C93A009116E4 /* AppDelegate.swift in Sources */,
				027CAEFE2A5769440072956B /* QrCodeViewController.swift in Sources */,
				027A7C4D29A6C93A009116E4 /* SceneDelegate.swift in Sources */,
			);
			runOnlyForDeploymentPostprocessing = 0;
		};
/* End PBXSourcesBuildPhase section */

/* Begin PBXTargetDependency section */
		026A31A429AD410B00B198B4 /* PBXTargetDependency */ = {
			isa = PBXTargetDependency;
			target = 027A7C4629A6C93A009116E4 /* CarteraExample */;
			targetProxy = 026A31A329AD410B00B198B4 /* PBXContainerItemProxy */;
		};
		026F66C829AD250D004019BA /* PBXTargetDependency */ = {
			isa = PBXTargetDependency;
			productRef = 026F66C729AD250D004019BA /* Cartera */;
		};
/* End PBXTargetDependency section */

/* Begin PBXVariantGroup section */
		027A7C5029A6C93A009116E4 /* Main.storyboard */ = {
			isa = PBXVariantGroup;
			children = (
				027A7C5129A6C93A009116E4 /* Base */,
			);
			name = Main.storyboard;
			sourceTree = "<group>";
		};
		027A7C5529A6C93B009116E4 /* LaunchScreen.storyboard */ = {
			isa = PBXVariantGroup;
			children = (
				027A7C5629A6C93B009116E4 /* Base */,
			);
			name = LaunchScreen.storyboard;
			sourceTree = "<group>";
		};
/* End PBXVariantGroup section */

/* Begin XCBuildConfiguration section */
		026A31A629AD410B00B198B4 /* Debug */ = {
			isa = XCBuildConfiguration;
			baseConfigurationReference = 6CA1BEAEBC80ADDD1062371E /* Pods-CarteraExampleTests.debug.xcconfig */;
			buildSettings = {
				BUNDLE_LOADER = "$(TEST_HOST)";
				CODE_SIGN_STYLE = Automatic;
				CURRENT_PROJECT_VERSION = 1;
				DEVELOPMENT_TEAM = 75C6UARB5H;
				GENERATE_INFOPLIST_FILE = YES;
				MARKETING_VERSION = 1.0;
				PRODUCT_BUNDLE_IDENTIFIER = exchange.dydx.CarteraExampleTests;
				PRODUCT_NAME = "$(TARGET_NAME)";
				SWIFT_EMIT_LOC_STRINGS = NO;
				SWIFT_VERSION = 5.0;
				TARGETED_DEVICE_FAMILY = "1,2";
				TEST_HOST = "$(BUILT_PRODUCTS_DIR)/CarteraExample.app/$(BUNDLE_EXECUTABLE_FOLDER_PATH)/CarteraExample";
			};
			name = Debug;
		};
		026A31A729AD410B00B198B4 /* Release */ = {
			isa = XCBuildConfiguration;
			baseConfigurationReference = 9F17FDFD7EE561B8D11FF9DD /* Pods-CarteraExampleTests.release.xcconfig */;
			buildSettings = {
				BUNDLE_LOADER = "$(TEST_HOST)";
				CODE_SIGN_STYLE = Automatic;
				CURRENT_PROJECT_VERSION = 1;
				DEVELOPMENT_TEAM = 75C6UARB5H;
				GENERATE_INFOPLIST_FILE = YES;
				MARKETING_VERSION = 1.0;
				PRODUCT_BUNDLE_IDENTIFIER = exchange.dydx.CarteraExampleTests;
				PRODUCT_NAME = "$(TARGET_NAME)";
				SWIFT_EMIT_LOC_STRINGS = NO;
				SWIFT_VERSION = 5.0;
				TARGETED_DEVICE_FAMILY = "1,2";
				TEST_HOST = "$(BUILT_PRODUCTS_DIR)/CarteraExample.app/$(BUNDLE_EXECUTABLE_FOLDER_PATH)/CarteraExample";
			};
			name = Release;
		};
		027A7C5929A6C93B009116E4 /* Debug */ = {
			isa = XCBuildConfiguration;
			buildSettings = {
				ALWAYS_SEARCH_USER_PATHS = NO;
				CLANG_ANALYZER_NONNULL = YES;
				CLANG_ANALYZER_NUMBER_OBJECT_CONVERSION = YES_AGGRESSIVE;
				CLANG_CXX_LANGUAGE_STANDARD = "gnu++20";
				CLANG_ENABLE_MODULES = YES;
				CLANG_ENABLE_OBJC_ARC = YES;
				CLANG_ENABLE_OBJC_WEAK = YES;
				CLANG_WARN_BLOCK_CAPTURE_AUTORELEASING = YES;
				CLANG_WARN_BOOL_CONVERSION = YES;
				CLANG_WARN_COMMA = YES;
				CLANG_WARN_CONSTANT_CONVERSION = YES;
				CLANG_WARN_DEPRECATED_OBJC_IMPLEMENTATIONS = YES;
				CLANG_WARN_DIRECT_OBJC_ISA_USAGE = YES_ERROR;
				CLANG_WARN_DOCUMENTATION_COMMENTS = YES;
				CLANG_WARN_EMPTY_BODY = YES;
				CLANG_WARN_ENUM_CONVERSION = YES;
				CLANG_WARN_INFINITE_RECURSION = YES;
				CLANG_WARN_INT_CONVERSION = YES;
				CLANG_WARN_NON_LITERAL_NULL_CONVERSION = YES;
				CLANG_WARN_OBJC_IMPLICIT_RETAIN_SELF = YES;
				CLANG_WARN_OBJC_LITERAL_CONVERSION = YES;
				CLANG_WARN_OBJC_ROOT_CLASS = YES_ERROR;
				CLANG_WARN_QUOTED_INCLUDE_IN_FRAMEWORK_HEADER = YES;
				CLANG_WARN_RANGE_LOOP_ANALYSIS = YES;
				CLANG_WARN_STRICT_PROTOTYPES = YES;
				CLANG_WARN_SUSPICIOUS_MOVE = YES;
				CLANG_WARN_UNGUARDED_AVAILABILITY = YES_AGGRESSIVE;
				CLANG_WARN_UNREACHABLE_CODE = YES;
				CLANG_WARN__DUPLICATE_METHOD_MATCH = YES;
				COPY_PHASE_STRIP = NO;
				DEBUG_INFORMATION_FORMAT = dwarf;
				ENABLE_STRICT_OBJC_MSGSEND = YES;
				ENABLE_TESTABILITY = YES;
				GCC_C_LANGUAGE_STANDARD = gnu11;
				GCC_DYNAMIC_NO_PIC = NO;
				GCC_NO_COMMON_BLOCKS = YES;
				GCC_OPTIMIZATION_LEVEL = 0;
				GCC_PREPROCESSOR_DEFINITIONS = (
					"DEBUG=1",
					"$(inherited)",
				);
				GCC_WARN_64_TO_32_BIT_CONVERSION = YES;
				GCC_WARN_ABOUT_RETURN_TYPE = YES_ERROR;
				GCC_WARN_UNDECLARED_SELECTOR = YES;
				GCC_WARN_UNINITIALIZED_AUTOS = YES_AGGRESSIVE;
				GCC_WARN_UNUSED_FUNCTION = YES;
				GCC_WARN_UNUSED_VARIABLE = YES;
				IPHONEOS_DEPLOYMENT_TARGET = 16.2;
				MTL_ENABLE_DEBUG_INFO = INCLUDE_SOURCE;
				MTL_FAST_MATH = YES;
				ONLY_ACTIVE_ARCH = YES;
				SDKROOT = iphoneos;
				SWIFT_ACTIVE_COMPILATION_CONDITIONS = DEBUG;
				SWIFT_OPTIMIZATION_LEVEL = "-Onone";
			};
			name = Debug;
		};
		027A7C5A29A6C93B009116E4 /* Release */ = {
			isa = XCBuildConfiguration;
			buildSettings = {
				ALWAYS_SEARCH_USER_PATHS = NO;
				CLANG_ANALYZER_NONNULL = YES;
				CLANG_ANALYZER_NUMBER_OBJECT_CONVERSION = YES_AGGRESSIVE;
				CLANG_CXX_LANGUAGE_STANDARD = "gnu++20";
				CLANG_ENABLE_MODULES = YES;
				CLANG_ENABLE_OBJC_ARC = YES;
				CLANG_ENABLE_OBJC_WEAK = YES;
				CLANG_WARN_BLOCK_CAPTURE_AUTORELEASING = YES;
				CLANG_WARN_BOOL_CONVERSION = YES;
				CLANG_WARN_COMMA = YES;
				CLANG_WARN_CONSTANT_CONVERSION = YES;
				CLANG_WARN_DEPRECATED_OBJC_IMPLEMENTATIONS = YES;
				CLANG_WARN_DIRECT_OBJC_ISA_USAGE = YES_ERROR;
				CLANG_WARN_DOCUMENTATION_COMMENTS = YES;
				CLANG_WARN_EMPTY_BODY = YES;
				CLANG_WARN_ENUM_CONVERSION = YES;
				CLANG_WARN_INFINITE_RECURSION = YES;
				CLANG_WARN_INT_CONVERSION = YES;
				CLANG_WARN_NON_LITERAL_NULL_CONVERSION = YES;
				CLANG_WARN_OBJC_IMPLICIT_RETAIN_SELF = YES;
				CLANG_WARN_OBJC_LITERAL_CONVERSION = YES;
				CLANG_WARN_OBJC_ROOT_CLASS = YES_ERROR;
				CLANG_WARN_QUOTED_INCLUDE_IN_FRAMEWORK_HEADER = YES;
				CLANG_WARN_RANGE_LOOP_ANALYSIS = YES;
				CLANG_WARN_STRICT_PROTOTYPES = YES;
				CLANG_WARN_SUSPICIOUS_MOVE = YES;
				CLANG_WARN_UNGUARDED_AVAILABILITY = YES_AGGRESSIVE;
				CLANG_WARN_UNREACHABLE_CODE = YES;
				CLANG_WARN__DUPLICATE_METHOD_MATCH = YES;
				COPY_PHASE_STRIP = NO;
				DEBUG_INFORMATION_FORMAT = "dwarf-with-dsym";
				ENABLE_NS_ASSERTIONS = NO;
				ENABLE_STRICT_OBJC_MSGSEND = YES;
				GCC_C_LANGUAGE_STANDARD = gnu11;
				GCC_NO_COMMON_BLOCKS = YES;
				GCC_WARN_64_TO_32_BIT_CONVERSION = YES;
				GCC_WARN_ABOUT_RETURN_TYPE = YES_ERROR;
				GCC_WARN_UNDECLARED_SELECTOR = YES;
				GCC_WARN_UNINITIALIZED_AUTOS = YES_AGGRESSIVE;
				GCC_WARN_UNUSED_FUNCTION = YES;
				GCC_WARN_UNUSED_VARIABLE = YES;
				IPHONEOS_DEPLOYMENT_TARGET = 16.2;
				MTL_ENABLE_DEBUG_INFO = NO;
				MTL_FAST_MATH = YES;
				SDKROOT = iphoneos;
				SWIFT_COMPILATION_MODE = wholemodule;
				SWIFT_OPTIMIZATION_LEVEL = "-O";
				VALIDATE_PRODUCT = YES;
			};
			name = Release;
		};
		027A7C5C29A6C93B009116E4 /* Debug */ = {
			isa = XCBuildConfiguration;
			baseConfigurationReference = 8CA2194C6D5EEE79ECCF7400 /* Pods-CarteraExample.debug.xcconfig */;
			buildSettings = {
				ASSETCATALOG_COMPILER_APPICON_NAME = AppIcon;
				ASSETCATALOG_COMPILER_GLOBAL_ACCENT_COLOR_NAME = AccentColor;
				CODE_SIGN_ENTITLEMENTS = CarteraExample/CarteraExample.entitlements;
				CODE_SIGN_STYLE = Automatic;
				CURRENT_PROJECT_VERSION = 1;
				DEVELOPMENT_TEAM = 75C6UARB5H;
				GENERATE_INFOPLIST_FILE = YES;
				INFOPLIST_FILE = CarteraExample/Info.plist;
				INFOPLIST_KEY_UIApplicationSupportsIndirectInputEvents = YES;
				INFOPLIST_KEY_UILaunchStoryboardName = LaunchScreen;
				INFOPLIST_KEY_UIMainStoryboardFile = Main;
				INFOPLIST_KEY_UISupportedInterfaceOrientations_iPad = "UIInterfaceOrientationPortrait UIInterfaceOrientationPortraitUpsideDown UIInterfaceOrientationLandscapeLeft UIInterfaceOrientationLandscapeRight";
				INFOPLIST_KEY_UISupportedInterfaceOrientations_iPhone = "UIInterfaceOrientationPortrait UIInterfaceOrientationLandscapeLeft UIInterfaceOrientationLandscapeRight";
				IPHONEOS_DEPLOYMENT_TARGET = 15.0;
				LD_RUNPATH_SEARCH_PATHS = (
					"$(inherited)",
					"@executable_path/Frameworks",
				);
				MARKETING_VERSION = 1.0;
				PRODUCT_BUNDLE_IDENTIFIER = exchange.dydx.CarteraExample;
				PRODUCT_NAME = "$(TARGET_NAME)";
				SWIFT_EMIT_LOC_STRINGS = YES;
				SWIFT_VERSION = 5.0;
				TARGETED_DEVICE_FAMILY = "1,2";
			};
			name = Debug;
		};
		027A7C5D29A6C93B009116E4 /* Release */ = {
			isa = XCBuildConfiguration;
			baseConfigurationReference = 68D799CB3C6FB86F4D1A1918 /* Pods-CarteraExample.release.xcconfig */;
			buildSettings = {
				ASSETCATALOG_COMPILER_APPICON_NAME = AppIcon;
				ASSETCATALOG_COMPILER_GLOBAL_ACCENT_COLOR_NAME = AccentColor;
				CODE_SIGN_ENTITLEMENTS = CarteraExample/CarteraExample.entitlements;
				CODE_SIGN_STYLE = Automatic;
				CURRENT_PROJECT_VERSION = 1;
				DEVELOPMENT_TEAM = 75C6UARB5H;
				GENERATE_INFOPLIST_FILE = YES;
				INFOPLIST_FILE = CarteraExample/Info.plist;
				INFOPLIST_KEY_UIApplicationSupportsIndirectInputEvents = YES;
				INFOPLIST_KEY_UILaunchStoryboardName = LaunchScreen;
				INFOPLIST_KEY_UIMainStoryboardFile = Main;
				INFOPLIST_KEY_UISupportedInterfaceOrientations_iPad = "UIInterfaceOrientationPortrait UIInterfaceOrientationPortraitUpsideDown UIInterfaceOrientationLandscapeLeft UIInterfaceOrientationLandscapeRight";
				INFOPLIST_KEY_UISupportedInterfaceOrientations_iPhone = "UIInterfaceOrientationPortrait UIInterfaceOrientationLandscapeLeft UIInterfaceOrientationLandscapeRight";
				IPHONEOS_DEPLOYMENT_TARGET = 15.0;
				LD_RUNPATH_SEARCH_PATHS = (
					"$(inherited)",
					"@executable_path/Frameworks",
				);
				MARKETING_VERSION = 1.0;
				PRODUCT_BUNDLE_IDENTIFIER = exchange.dydx.CarteraExample;
				PRODUCT_NAME = "$(TARGET_NAME)";
				SWIFT_EMIT_LOC_STRINGS = YES;
				SWIFT_VERSION = 5.0;
				TARGETED_DEVICE_FAMILY = "1,2";
			};
			name = Release;
		};
/* End XCBuildConfiguration section */

/* Begin XCConfigurationList section */
		026A31A529AD410B00B198B4 /* Build configuration list for PBXNativeTarget "CarteraExampleTests" */ = {
			isa = XCConfigurationList;
			buildConfigurations = (
				026A31A629AD410B00B198B4 /* Debug */,
				026A31A729AD410B00B198B4 /* Release */,
			);
			defaultConfigurationIsVisible = 0;
			defaultConfigurationName = Release;
		};
		027A7C4229A6C93A009116E4 /* Build configuration list for PBXProject "CarteraExample" */ = {
			isa = XCConfigurationList;
			buildConfigurations = (
				027A7C5929A6C93B009116E4 /* Debug */,
				027A7C5A29A6C93B009116E4 /* Release */,
			);
			defaultConfigurationIsVisible = 0;
			defaultConfigurationName = Release;
		};
		027A7C5B29A6C93B009116E4 /* Build configuration list for PBXNativeTarget "CarteraExample" */ = {
			isa = XCConfigurationList;
			buildConfigurations = (
				027A7C5C29A6C93B009116E4 /* Debug */,
				027A7C5D29A6C93B009116E4 /* Release */,
			);
			defaultConfigurationIsVisible = 0;
			defaultConfigurationName = Release;
		};
/* End XCConfigurationList section */

/* Begin XCRemoteSwiftPackageReference section */
		027A7ED629A8679B009116E4 /* XCRemoteSwiftPackageReference "SDWebImage" */ = {
			isa = XCRemoteSwiftPackageReference;
			repositoryURL = "https://github.com/SDWebImage/SDWebImage";
			requirement = {
				kind = upToNextMajorVersion;
				minimumVersion = 5.0.0;
			};
		};
/* End XCRemoteSwiftPackageReference section */

/* Begin XCSwiftPackageProductDependency section */
		026F66C729AD250D004019BA /* Cartera */ = {
			isa = XCSwiftPackageProductDependency;
			productName = Cartera;
		};
		026F66C929AD2517004019BA /* Cartera */ = {
			isa = XCSwiftPackageProductDependency;
			productName = Cartera;
		};
		027A7ED729A8679B009116E4 /* SDWebImage */ = {
			isa = XCSwiftPackageProductDependency;
			package = 027A7ED629A8679B009116E4 /* XCRemoteSwiftPackageReference "SDWebImage" */;
			productName = SDWebImage;
		};
/* End XCSwiftPackageProductDependency section */
	};
	rootObject = 027A7C3F29A6C93A009116E4 /* Project object */;
}
